{
  "version": 4,
  "terraform_version": "1.11.4",
  "serial": 9,
  "lineage": "77c53f82-a1b1-0f94-fdde-0b75a2287be9",
  "outputs": {
    "ecr_repo_url": {
      "value": "490004637046.dkr.ecr.us-east-1.amazonaws.com/fs-i2507devsecops",
      "type": "string"
    }
  },
  "resources": [
    {
      "module": "module.ecr",
      "mode": "managed",
      "type": "aws_ecr_lifecycle_policy",
      "name": "devsecops",
      "provider": "provider[\"registry.terraform.io/hashicorp/aws\"]",
      "instances": [
        {
          "schema_version": 0,
          "attributes": {
            "id": "fs-i2507devsecops",
            "policy": "{\"rules\":[{\"action\":{\"type\":\"expire\"},\"description\":\"Expire untagged images older than 30 days\",\"rulePriority\":1,\"selection\":{\"countNumber\":30,\"countType\":\"sinceImagePushed\",\"countUnit\":\"days\",\"tagStatus\":\"untagged\"}}]}",
            "registry_id": "490004637046",
            "repository": "fs-i2507devsecops"
          },
          "sensitive_attributes": [],
          "private": "bnVsbA==",
          "dependencies": [
            "module.ecr.aws_ecr_repository.devsecops"
          ]
        }
      ]
    },
    {
      "module": "module.ecr",
      "mode": "managed",
      "type": "aws_ecr_repository",
      "name": "devsecops",
      "provider": "provider[\"registry.terraform.io/hashicorp/aws\"]",
      "instances": [
        {
          "schema_version": 0,
          "attributes": {
            "arn": "arn:aws:ecr:us-east-1:490004637046:repository/fs-i2507devsecops",
            "encryption_configuration": [
              {
                "encryption_type": "AES256",
                "kms_key": ""
              }
            ],
            "force_delete": null,
            "id": "fs-i2507devsecops",
            "image_scanning_configuration": [
              {
                "scan_on_push": true
              }
            ],
            "image_tag_mutability": "MUTABLE",
            "name": "fs-i2507devsecops",
            "registry_id": "490004637046",
            "repository_url": "490004637046.dkr.ecr.us-east-1.amazonaws.com/fs-i2507devsecops",
            "tags": null,
            "tags_all": {},
            "timeouts": null
          },
          "sensitive_attributes": [],
          "private": "eyJlMmJmYjczMC1lY2FhLTExZTYtOGY4OC0zNDM2M2JjN2M0YzAiOnsiZGVsZXRlIjoxMjAwMDAwMDAwMDAwfX0="
        }
      ]
    },
    {
      "module": "module.oidc",
      "mode": "data",
      "type": "aws_caller_identity",
      "name": "current",
      "provider": "provider[\"registry.terraform.io/hashicorp/aws\"]",
      "instances": [
        {
          "schema_version": 0,
          "attributes": {
            "account_id": "490004637046",
            "arn": "arn:aws:iam::490004637046:user/terraform_user",
            "id": "490004637046",
            "user_id": "AIDAXEFUNMV3MQWJ7Z567"
          },
          "sensitive_attributes": []
        }
      ]
    },
    {
      "module": "module.oidc",
      "mode": "managed",
      "type": "aws_iam_openid_connect_provider",
      "name": "github",
      "provider": "provider[\"registry.terraform.io/hashicorp/aws\"]",
      "instances": [
        {
          "schema_version": 0,
          "attributes": {
            "arn": "arn:aws:iam::490004637046:oidc-provider/token.actions.githubusercontent.com",
            "client_id_list": [
              "sts.amazonaws.com"
            ],
            "id": "arn:aws:iam::490004637046:oidc-provider/token.actions.githubusercontent.com",
            "tags": {},
            "tags_all": {},
            "thumbprint_list": [
              "6938fd4d98bab03faadb97b34396831e3780aea1"
            ],
            "url": "token.actions.githubusercontent.com"
          },
          "sensitive_attributes": [],
          "private": "bnVsbA=="
        }
      ]
    },
    {
      "module": "module.oidc",
      "mode": "managed",
      "type": "aws_iam_policy",
      "name": "github_devops_policy",
      "provider": "provider[\"registry.terraform.io/hashicorp/aws\"]",
      "instances": [
        {
          "schema_version": 0,
          "attributes": {
            "arn": "arn:aws:iam::490004637046:policy/github_permission_policy",
            "attachment_count": 1,
            "description": "",
            "id": "arn:aws:iam::490004637046:policy/github_permission_policy",
            "name": "github_permission_policy",
            "name_prefix": "",
            "path": "/",
            "policy": "{\"Statement\":[{\"Action\":[\"ecr:GetAuthorizationToken\",\"ecr:BatchCheckLayerAvailability\",\"ecr:CompleteMultipartUpload\",\"ecr:InitiateLayerUpload\",\"ecr:PutImage\",\"ecr:UploadLayerPart\"],\"Effect\":\"Allow\",\"Resource\":\"*\"}],\"Version\":\"2012-10-17\"}",
            "policy_id": "ANPAXEFUNMV3B2PPYIQI5",
            "tags": {},
            "tags_all": {}
          },
          "sensitive_attributes": [],
          "private": "bnVsbA=="
        }
      ]
    },
    {
      "module": "module.oidc",
      "mode": "managed",
      "type": "aws_iam_role",
      "name": "github_trust_role",
      "provider": "provider[\"registry.terraform.io/hashicorp/aws\"]",
      "instances": [
        {
          "schema_version": 0,
          "attributes": {
            "arn": "arn:aws:iam::490004637046:role/TRUST_ROLE_GITHUB",
            "assume_role_policy": "{\"Statement\":[{\"Action\":\"sts:AssumeRoleWithWebIdentity\",\"Condition\":{\"StringLike\":{\"token.actions.githubusercontent.com:sub\":[\"repo:fekri600/devsecops:ref:refs/heads/main\"]}},\"Effect\":\"Allow\",\"Principal\":{\"Federated\":\"arn:aws:iam::490004637046:oidc-provider/token.actions.githubusercontent.com\"},\"Sid\":\"GitHubOIDCTrustPolicy\"}],\"Version\":\"2012-10-17\"}",
            "create_date": "2025-07-08T04:31:18Z",
            "description": "",
            "force_detach_policies": false,
            "id": "TRUST_ROLE_GITHUB",
            "inline_policy": [],
            "managed_policy_arns": [
              "arn:aws:iam::490004637046:policy/github_permission_policy"
            ],
            "max_session_duration": 3600,
            "name": "TRUST_ROLE_GITHUB",
            "name_prefix": "",
            "path": "/",
            "permissions_boundary": "",
            "tags": {},
            "tags_all": {},
            "unique_id": "AROAXEFUNMV3NHWLE3744"
          },
          "sensitive_attributes": [],
          "private": "bnVsbA==",
          "dependencies": [
            "module.oidc.data.aws_caller_identity.current"
          ]
        }
      ]
    },
    {
      "module": "module.oidc",
      "mode": "managed",
      "type": "aws_iam_role_policy_attachment",
      "name": "github_actions_permissions",
      "provider": "provider[\"registry.terraform.io/hashicorp/aws\"]",
      "instances": [
        {
          "schema_version": 0,
          "attributes": {
            "id": "TRUST_ROLE_GITHUB-20250708043118942900000001",
            "policy_arn": "arn:aws:iam::490004637046:policy/github_permission_policy",
            "role": "TRUST_ROLE_GITHUB"
          },
          "sensitive_attributes": [],
          "private": "bnVsbA==",
          "dependencies": [
            "module.oidc.aws_iam_policy.github_devops_policy",
            "module.oidc.aws_iam_role.github_trust_role",
            "module.oidc.data.aws_caller_identity.current"
          ]
        }
      ]
    }
  ],
  "check_results": null
}
